
Microsoft Visual Studio Solution File, Format Version 12.00
# Visual Studio Version 16
VisualStudioVersion = 16.0.31911.196
MinimumVisualStudioVersion = 10.0.40219.1
Project("{FAE04EC0-301F-11D3-BF4B-00C04F79EFBC}") = "JQueryDemo", "JQueryDemo\JQueryDemo.csproj", "{308BBF63-09F3-4C38-92C7-F08C7A01C6F3}"
EndProject
Global
	GlobalSection(SolutionConfigurationPlatforms) = preSolution
		Debug|Any CPU = Debug|Any CPU
		Release|Any CPU = Release|Any CPU
	EndGlobalSection
	GlobalSection(ProjectConfigurationPlatforms) = postSolution
		{308BBF63-09F3-4C38-92C7-F08C7A01C6F3}.Debug|Any CPU.ActiveCfg = Debug|Any CPU
		{308BBF63-09F3-4C38-92C7-F08C7A01C6F3}.Debug|Any CPU.Build.0 = Debug|Any CPU
		{308BBF63-09F3-4C38-92C7-F08C7A01C6F3}.Release|Any CPU.ActiveCfg = Release|Any CPU
		{308BBF63-09F3-4C38-92C7-F08C7A01C6F3}.Release|Any CPU.Build.0 = Release|Any CPU
	EndGlobalSection
	GlobalSection(SolutionProperties) = preSolution
		HideSolutionNode = FALSE
	EndGlobalSection
	GlobalSection(ExtensibilityGlobals) = postSolution
		SolutionGuid = {CD1225A2-C113-4B72-881E-772E9B325BC4}
	EndGlobalSection
EndGlobal
